// !$*UTF8*$!
{
	archiveVersion = 1;
	classes = {
	};
	objectVersion = 46;
	objects = {

/* Begin PBXBuildFile section */
		254822C31B0C7B2C00761EB8 /* AppDelegate.swift in Sources */ = {isa = PBXBuildFile; fileRef = 254822C21B0C7B2C00761EB8 /* AppDelegate.swift */; };
		254822C51B0C7B2C00761EB8 /* ViewController.swift in Sources */ = {isa = PBXBuildFile; fileRef = 254822C41B0C7B2C00761EB8 /* ViewController.swift */; };
		254822C81B0C7B2C00761EB8 /* Main.storyboard in Resources */ = {isa = PBXBuildFile; fileRef = 254822C61B0C7B2C00761EB8 /* Main.storyboard */; };
		254822CA1B0C7B2C00761EB8 /* Images.xcassets in Resources */ = {isa = PBXBuildFile; fileRef = 254822C91B0C7B2C00761EB8 /* Images.xcassets */; };
		254822CD1B0C7B2C00761EB8 /* LaunchScreen.xib in Resources */ = {isa = PBXBuildFile; fileRef = 254822CB1B0C7B2C00761EB8 /* LaunchScreen.xib */; };
		254822D91B0C7B2C00761EB8 /* TraxTests.swift in Sources */ = {isa = PBXBuildFile; fileRef = 254822D81B0C7B2C00761EB8 /* TraxTests.swift */; };
/* End PBXBuildFile section */

/* Begin PBXContainerItemProxy section */
		254822D31B0C7B2C00761EB8 /* PBXContainerItemProxy */ = {
			isa = PBXContainerItemProxy;
			containerPortal = 254822B51B0C7B2C00761EB8 /* Project object */;
			proxyType = 1;
			remoteGlobalIDString = 254822BC1B0C7B2C00761EB8;
			remoteInfo = Trax;
		};
/* End PBXContainerItemProxy section */

/* Begin PBXFileReference section */
		254822BD1B0C7B2C00761EB8 /* Trax.app */ = {isa = PBXFileReference; explicitFileType = wrapper.application; includeInIndex = 0; path = Trax.app; sourceTree = BUILT_PRODUCTS_DIR; };
		254822C11B0C7B2C00761EB8 /* Info.plist */ = {isa = PBXFileReference; lastKnownFileType = text.plist.xml; path = Info.plist; sourceTree = "<group>"; };
		254822C21B0C7B2C00761EB8 /* AppDelegate.swift */ = {isa = PBXFileReference; lastKnownFileType = sourcecode.swift; path = AppDelegate.swift; sourceTree = "<group>"; };
		254822C41B0C7B2C00761EB8 /* ViewController.swift */ = {isa = PBXFileReference; lastKnownFileType = sourcecode.swift; path = ViewController.swift; sourceTree = "<group>"; };
		254822C71B0C7B2C00761EB8 /* Base */ = {isa = PBXFileReference; lastKnownFileType = file.storyboard; name = Base; path = Base.lproj/Main.storyboard; sourceTree = "<group>"; };
		254822C91B0C7B2C00761EB8 /* Images.xcassets */ = {isa = PBXFileReference; lastKnownFileType = folder.assetcatalog; path = Images.xcassets; sourceTree = "<group>"; };
		254822CC1B0C7B2C00761EB8 /* Base */ = {isa = PBXFileReference; lastKnownFileType = file.xib; name = Base; path = Base.lproj/LaunchScreen.xib; sourceTree = "<group>"; };
		254822D21B0C7B2C00761EB8 /* TraxTests.xctest */ = {isa = PBXFileReference; explicitFileType = wrapper.cfbundle; includeInIndex = 0; path = TraxTests.xctest; sourceTree = BUILT_PRODUCTS_DIR; };
		254822D71B0C7B2C00761EB8 /* Info.plist */ = {isa = PBXFileReference; lastKnownFileType = text.plist.xml; path = Info.plist; sourceTree = "<group>"; };
		254822D81B0C7B2C00761EB8 /* TraxTests.swift */ = {isa = PBXFileReference; lastKnownFileType = sourcecode.swift; path = TraxTests.swift; sourceTree = "<group>"; };
/* End PBXFileReference section */

/* Begin PBXFrameworksBuildPhase section */
		254822BA1B0C7B2C00761EB8 /* Frameworks */ = {
			isa = PBXFrameworksBuildPhase;
			buildActionMask = 2147483647;
			files = (
			);
			runOnlyForDeploymentPostprocessing = 0;
		};
		254822CF1B0C7B2C00761EB8 /* Frameworks */ = {
			isa = PBXFrameworksBuildPhase;
			buildActionMask = 2147483647;
			files = (
			);
			runOnlyForDeploymentPostprocessing = 0;
		};
/* End PBXFrameworksBuildPhase section */

/* Begin PBXGroup section */
		254822B41B0C7B2C00761EB8 = {
			isa = PBXGroup;
			children = (
				254822BF1B0C7B2C00761EB8 /* Trax */,
				254822D51B0C7B2C00761EB8 /* TraxTests */,
				254822BE1B0C7B2C00761EB8 /* Products */,
			);
			sourceTree = "<group>";
		};
		254822BE1B0C7B2C00761EB8 /* Products */ = {
			isa = PBXGroup;
			children = (
				254822BD1B0C7B2C00761EB8 /* Trax.app */,
				254822D21B0C7B2C00761EB8 /* TraxTests.xctest */,
			);
			name = Products;
			sourceTree = "<group>";
		};
		254822BF1B0C7B2C00761EB8 /* Trax */ = {
			isa = PBXGroup;
			children = (
				254822C21B0C7B2C00761EB8 /* AppDelegate.swift */,
				254822C41B0C7B2C00761EB8 /* ViewController.swift */,
				254822C61B0C7B2C00761EB8 /* Main.storyboard */,
				254822C91B0C7B2C00761EB8 /* Images.xcassets */,
				254822CB1B0C7B2C00761EB8 /* LaunchScreen.xib */,
				254822C01B0C7B2C00761EB8 /* Supporting Files */,
			);
			path = Trax;
			sourceTree = "<group>";
		};
		254822C01B0C7B2C00761EB8 /* Supporting Files */ = {
			isa = PBXGroup;
			children = (
				254822C11B0C7B2C00761EB8 /* Info.plist */,
			);
			name = "Supporting Files";
			sourceTree = "<group>";
		};
		254822D51B0C7B2C00761EB8 /* TraxTests */ = {
			isa = PBXGroup;
			children = (
				254822D81B0C7B2C00761EB8 /* TraxTests.swift */,
				254822D61B0C7B2C00761EB8 /* Supporting Files */,
			);
			path = TraxTests;
			sourceTree = "<group>";
		};
		254822D61B0C7B2C00761EB8 /* Supporting Files */ = {
			isa = PBXGroup;
			children = (
				254822D71B0C7B2C00761EB8 /* Info.plist */,
			);
			name = "Supporting Files";
			sourceTree = "<group>";
		};
/* End PBXGroup section */

/* Begin PBXNativeTarget section */
		254822BC1B0C7B2C00761EB8 /* Trax */ = {
			isa = PBXNativeTarget;
			buildConfigurationList = 254822DC1B0C7B2C00761EB8 /* Build configuration list for PBXNativeTarget "Trax" */;
			buildPhases = (
				254822B91B0C7B2C00761EB8 /* Sources */,
				254822BA1B0C7B2C00761EB8 /* Frameworks */,
				254822BB1B0C7B2C00761EB8 /* Resources */,
			);
			buildRules = (
			);
			dependencies = (
			);
			name = Trax;
			productName = Trax;
			productReference = 254822BD1B0C7B2C00761EB8 /* Trax.app */;
			productType = "com.apple.product-type.application";
		};
		254822D11B0C7B2C00761EB8 /* TraxTests */ = {
			isa = PBXNativeTarget;
			buildConfigurationList = 254822DF1B0C7B2C00761EB8 /* Build configuration list for PBXNativeTarget "TraxTests" */;
			buildPhases = (
				254822CE1B0C7B2C00761EB8 /* Sources */,
				254822CF1B0C7B2C00761EB8 /* Frameworks */,
				254822D01B0C7B2C00761EB8 /* Resources */,
			);
			buildRules = (
			);
			dependencies = (
				254822D41B0C7B2C00761EB8 /* PBXTargetDependency */,
			);
			name = TraxTests;
			productName = TraxTests;
			productReference = 254822D21B0C7B2C00761EB8 /* TraxTests.xctest */;
			productType = "com.apple.product-type.bundle.unit-test";
		};
/* End PBXNativeTarget section */

/* Begin PBXProject section */
		254822B51B0C7B2C00761EB8 /* Project object */ = {
			isa = PBXProject;
			attributes = {
				LastUpgradeCheck = 0630;
				ORGANIZATIONNAME = Dan;
				TargetAttributes = {
					254822BC1B0C7B2C00761EB8 = {
						CreatedOnToolsVersion = 6.3.1;
					};
					254822D11B0C7B2C00761EB8 = {
						CreatedOnToolsVersion = 6.3.1;
						TestTargetID = 254822BC1B0C7B2C00761EB8;
					};
				};
			};
			buildConfigurationList = 254822B81B0C7B2C00761EB8 /* Build configuration list for PBXProject "Trax" */;
			compatibilityVersion = "Xcode 3.2";
			developmentRegion = English;
			hasScannedForEncodings = 0;
			knownRegions = (
				en,
				Base,
			);
			mainGroup = 254822B41B0C7B2C00761EB8;
			productRefGroup = 254822BE1B0C7B2C00761EB8 /* Products */;
			projectDirPath = "";
			projectRoot = "";
			targets = (
				254822BC1B0C7B2C00761EB8 /* Trax */,
				254822D11B0C7B2C00761EB8 /* TraxTests */,
			);
		};
/* End PBXProject section */

/* Begin PBXResourcesBuildPhase section */
		254822BB1B0C7B2C00761EB8 /* Resources */ = {
			isa = PBXResourcesBuildPhase;
			buildActionMask = 2147483647;
			files = (
				254822C81B0C7B2C00761EB8 /* Main.storyboard in Resources */,
				254822CD1B0C7B2C00761EB8 /* LaunchScreen.xib in Resources */,
				254822CA1B0C7B2C00761EB8 /* Images.xcassets in Resources */,
			);
			runOnlyForDeploymentPostprocessing = 0;
		};
		254822D01B0C7B2C00761EB8 /* Resources */ = {
			isa = PBXResourcesBuildPhase;
			buildActionMask = 2147483647;
			files = (
			);
			runOnlyForDeploymentPostprocessing = 0;
		};
/* End PBXResourcesBuildPhase section */

/* Begin PBXSourcesBuildPhase section */
		254822B91B0C7B2C00761EB8 /* Sources */ = {
			isa = PBXSourcesBuildPhase;
			buildActionMask = 2147483647;
			files = (
				254822C51B0C7B2C00761EB8 /* ViewController.swift in Sources */,
				254822C31B0C7B2C00761EB8 /* AppDelegate.swift in Sources */,
			);
			runOnlyForDeploymentPostprocessing = 0;
		};
		254822CE1B0C7B2C00761EB8 /* Sources */ = {
			isa = PBXSourcesBuildPhase;
			buildActionMask = 2147483647;
			files = (
				254822D91B0C7B2C00761EB8 /* TraxTests.swift in Sources */,
			);
			runOnlyForDeploymentPostprocessing = 0;
		};
/* End PBXSourcesBuildPhase section */

/* Begin PBXTargetDependency section */
		254822D41B0C7B2C00761EB8 /* PBXTargetDependency */ = {
			isa = PBXTargetDependency;
			target = 254822BC1B0C7B2C00761EB8 /* Trax */;
			targetProxy = 254822D31B0C7B2C00761EB8 /* PBXContainerItemProxy */;
		};
/* End PBXTargetDependency section */

/* Begin PBXVariantGroup section */
		254822C61B0C7B2C00761EB8 /* Main.storyboard */ = {
			isa = PBXVariantGroup;
			children = (
				254822C71B0C7B2C00761EB8 /* Base */,
			);
			name = Main.storyboard;
			sourceTree = "<group>";
		};
		254822CB1B0C7B2C00761EB8 /* LaunchScreen.xib */ = {
			isa = PBXVariantGroup;
			children = (
				254822CC1B0C7B2C00761EB8 /* Base */,
			);
			name = LaunchScreen.xib;
			sourceTree = "<group>";
		};
/* End PBXVariantGroup section */

/* Begin XCBuildConfiguration section */
		254822DA1B0C7B2C00761EB8 /* Debug */ = {
			isa = XCBuildConfiguration;
			buildSettings = {
				ALWAYS_SEARCH_USER_PATHS = NO;
				CLANG_CXX_LANGUAGE_STANDARD = "gnu++0x";
				CLANG_CXX_LIBRARY = "libc++";
				CLANG_ENABLE_MODULES = YES;
				CLANG_ENABLE_OBJC_ARC = YES;
				CLANG_WARN_BOOL_CONVERSION = YES;
				CLANG_WARN_CONSTANT_CONVERSION = YES;
				CLANG_WARN_DIRECT_OBJC_ISA_USAGE = YES_ERROR;
				CLANG_WARN_EMPTY_BODY = YES;
				CLANG_WARN_ENUM_CONVERSION = YES;
				CLANG_WARN_INT_CONVERSION = YES;
				CLANG_WARN_OBJC_ROOT_CLASS = YES_ERROR;
				CLANG_WARN_UNREACHABLE_CODE = YES;
				CLANG_WARN__DUPLICATE_METHOD_MATCH = YES;
				"CODE_SIGN_IDENTITY[sdk=iphoneos*]" = "iPhone Developer";
				COPY_PHASE_STRIP = NO;
				DEBUG_INFORMATION_FORMAT = "dwarf-with-dsym";
				ENABLE_STRICT_OBJC_MSGSEND = YES;
				GCC_C_LANGUAGE_STANDARD = gnu99;
				GCC_DYNAMIC_NO_PIC = NO;
				GCC_NO_COMMON_BLOCKS = YES;
				GCC_OPTIMIZATION_LEVEL = 0;
				GCC_PREPROCESSOR_DEFINITIONS = (
					"DEBUG=1",
					"$(inherited)",
				);
				GCC_SYMBOLS_PRIVATE_EXTERN = NO;
				GCC_WARN_64_TO_32_BIT_CONVERSION = YES;
				GCC_WARN_ABOUT_RETURN_TYPE = YES_ERROR;
				GCC_WARN_UNDECLARED_SELECTOR = YES;
				GCC_WARN_UNINITIALIZED_AUTOS = YES_AGGRESSIVE;
				GCC_WARN_UNUSED_FUNCTION = YES;
				GCC_WARN_UNUSED_VARIABLE = YES;
				IPHONEOS_DEPLOYMENT_TARGET = 8.3;
				MTL_ENABLE_DEBUG_INFO = YES;
				ONLY_ACTIVE_ARCH = YES;
				SDKROOT = iphoneos;
				SWIFT_OPTIMIZATION_LEVEL = "-Onone";
				TARGETED_DEVICE_FAMILY = "1,2";
			};
			name = Debug;
		};
		254822DB1B0C7B2C00761EB8 /* Release */ = {
			isa = XCBuildConfiguration;
			buildSettings = {
				ALWAYS_SEARCH_USER_PATHS = NO;
				CLANG_CXX_LANGUAGE_STANDARD = "gnu++0x";
				CLANG_CXX_LIBRARY = "libc++";
				CLANG_ENABLE_MODULES = YES;
				CLANG_ENABLE_OBJC_ARC = YES;
				CLANG_WARN_BOOL_CONVERSION = YES;
				CLANG_WARN_CONSTANT_CONVERSION = YES;
				CLANG_WARN_DIRECT_OBJC_ISA_USAGE = YES_ERROR;
				CLANG_WARN_EMPTY_BODY = YES;
				CLANG_WARN_ENUM_CONVERSION = YES;
				CLANG_WARN_INT_CONVERSION = YES;
				CLANG_WARN_OBJC_ROOT_CLASS = YES_ERROR;
				CLANG_WARN_UNREACHABLE_CODE = YES;
				CLANG_WARN__DUPLICATE_METHOD_MATCH = YES;
				"CODE_SIGN_IDENTITY[sdk=iphoneos*]" = "iPhone Developer";
				COPY_PHASE_STRIP = NO;
				DEBUG_INFORMATION_FORMAT = "dwarf-with-dsym";
				ENABLE_NS_ASSERTIONS = NO;
				ENABLE_STRICT_OBJC_MSGSEND = YES;
				GCC_C_LANGUAGE_STANDARD = gnu99;
				GCC_NO_COMMON_BLOCKS = YES;
				GCC_WARN_64_TO_32_BIT_CONVERSION = YES;
				GCC_WARN_ABOUT_RETURN_TYPE = YES_ERROR;
				GCC_WARN_UNDECLARED_SELECTOR = YES;
				GCC_WARN_UNINITIALIZED_AUTOS = YES_AGGRESSIVE;
				GCC_WARN_UNUSED_FUNCTION = YES;
				GCC_WARN_UNUSED_VARIABLE = YES;
				IPHONEOS_DEPLOYMENT_TARGET = 8.3;
				MTL_ENABLE_DEBUG_INFO = NO;
				SDKROOT = iphoneos;
				TARGETED_DEVICE_FAMILY = "1,2";
				VALIDATE_PRODUCT = YES;
			};
			name = Release;
		};
		254822DD1B0C7B2C00761EB8 /* Debug */ = {
			isa = XCBuildConfiguration;
			buildSettings = {
				ASSETCATALOG_COMPILER_APPICON_NAME = AppIcon;
				INFOPLIST_FILE = Trax/Info.plist;
				LD_RUNPATH_SEARCH_PATHS = "$(inherited) @executable_path/Frameworks";
				PRODUCT_NAME = "$(TARGET_NAME)";
			};
			name = Debug;
		};
		254822DE1B0C7B2C00761EB8 /* Release */ = {
			isa = XCBuildConfiguration;
			buildSettings = {
				ASSETCATALOG_COMPILER_APPICON_NAME = AppIcon;
				INFOPLIST_FILE = Trax/Info.plist;
				LD_RUNPATH_SEARCH_PATHS = "$(inherited) @executable_path/Frameworks";
				PRODUCT_NAME = "$(TARGET_NAME)";
			};
			name = Release;
		};
		254822E01B0C7B2C00761EB8 /* Debug */ = {
			isa = XCBuildConfiguration;
			buildSettings = {
				BUNDLE_LOADER = "$(TEST_HOST)";
				FRAMEWORK_SEARCH_PATHS = (
					"$(SDKROOT)/Developer/Library/Frameworks",
					"$(inherited)",
				);
				GCC_PREPROCESSOR_DEFINITIONS = (
					"DEBUG=1",
					"$(inherited)",
				);
				INFOPLIST_FILE = TraxTests/Info.plist;
				LD_RUNPATH_SEARCH_PATHS = "$(inherited) @executable_path/Frameworks @loader_path/Frameworks";
				PRODUCT_NAME = "$(TARGET_NAME)";
				TEST_HOST = "$(BUILT_PRODUCTS_DIR)/Trax.app/Trax";
			};
			name = Debug;
		};
		254822E11B0C7B2C00761EB8 /* Release */ = {
			isa = XCBuildConfiguration;
			buildSettings = {
				BUNDLE_LOADER = "$(TEST_HOST)";
				FRAMEWORK_SEARCH_PATHS = (
					"$(SDKROOT)/Developer/Library/Frameworks",
					"$(inherited)",
				);
				INFOPLIST_FILE = TraxTests/Info.plist;
				LD_RUNPATH_SEARCH_PATHS = "$(inherited) @executable_path/Frameworks @loader_path/Frameworks";
				PRODUCT_NAME = "$(TARGET_NAME)";
				TEST_HOST = "$(BUILT_PRODUCTS_DIR)/Trax.app/Trax";
			};
			name = Release;
		};
/* End XCBuildConfiguration section */

/* Begin XCConfigurationList section */
		254822B81B0C7B2C00761EB8 /* Build configuration list for PBXProject "Trax" */ = {
			isa = XCConfigurationList;
			buildConfigurations = (
				254822DA1B0C7B2C00761EB8 /* Debug */,
				254822DB1B0C7B2C00761EB8 /* Release */,
			);
			defaultConfigurationIsVisible = 0;
			defaultConfigurationName = Release;
		};
		254822DC1B0C7B2C00761EB8 /* Build configuration list for PBXNativeTarget "Trax" */ = {
			isa = XCConfigurationList;
			buildConfigurations = (
				254822DD1B0C7B2C00761EB8 /* Debug */,
				254822DE1B0C7B2C00761EB8 /* Release */,
			);
			defaultConfigurationIsVisible = 0;
		};
		254822DF1B0C7B2C00761EB8 /* Build configuration list for PBXNativeTarget "TraxTests" */ = {
			isa = XCConfigurationList;
			buildConfigurations = (
				254822E01B0C7B2C00761EB8 /* Debug */,
				254822E11B0C7B2C00761EB8 /* Release */,
			);
			defaultConfigurationIsVisible = 0;
		};
/* End XCConfigurationList section */
	};
	rootObject = 254822B51B0C7B2C00761EB8 /* Project object */;
}
