// !$*UTF8*$!
{
	archiveVersion = 1;
	classes = {
	};
	objectVersion = 46;
	objects = {

/* Begin PBXBuildFile section */
		254F73351AEA37D300642B0B /* AppDelegate.swift in Sources */ = {isa = PBXBuildFile; fileRef = 254F73341AEA37D300642B0B /* AppDelegate.swift */; };
		254F73371AEA37D300642B0B /* PsychologistViewController.swift in Sources */ = {isa = PBXBuildFile; fileRef = 254F73361AEA37D300642B0B /* PsychologistViewController.swift */; };
		254F733A1AEA37D300642B0B /* Main.storyboard in Resources */ = {isa = PBXBuildFile; fileRef = 254F73381AEA37D300642B0B /* Main.storyboard */; };
		254F733C1AEA37D300642B0B /* Images.xcassets in Resources */ = {isa = PBXBuildFile; fileRef = 254F733B1AEA37D300642B0B /* Images.xcassets */; };
		254F733F1AEA37D300642B0B /* LaunchScreen.xib in Resources */ = {isa = PBXBuildFile; fileRef = 254F733D1AEA37D300642B0B /* LaunchScreen.xib */; };
		254F73561AEA3C0700642B0B /* HappinessViewController.swift in Sources */ = {isa = PBXBuildFile; fileRef = 254F73541AEA3C0700642B0B /* HappinessViewController.swift */; };
		254F73571AEA3C0700642B0B /* FaceView.swift in Sources */ = {isa = PBXBuildFile; fileRef = 254F73551AEA3C0700642B0B /* FaceView.swift */; };
/* End PBXBuildFile section */

/* Begin PBXFileReference section */
		254F732F1AEA37D300642B0B /* Psychologist.app */ = {isa = PBXFileReference; explicitFileType = wrapper.application; includeInIndex = 0; path = Psychologist.app; sourceTree = BUILT_PRODUCTS_DIR; };
		254F73331AEA37D300642B0B /* Info.plist */ = {isa = PBXFileReference; lastKnownFileType = text.plist.xml; path = Info.plist; sourceTree = "<group>"; };
		254F73341AEA37D300642B0B /* AppDelegate.swift */ = {isa = PBXFileReference; lastKnownFileType = sourcecode.swift; path = AppDelegate.swift; sourceTree = "<group>"; };
		254F73361AEA37D300642B0B /* PsychologistViewController.swift */ = {isa = PBXFileReference; lastKnownFileType = sourcecode.swift; path = PsychologistViewController.swift; sourceTree = "<group>"; };
		254F73391AEA37D300642B0B /* Base */ = {isa = PBXFileReference; lastKnownFileType = file.storyboard; name = Base; path = Base.lproj/Main.storyboard; sourceTree = "<group>"; };
		254F733B1AEA37D300642B0B /* Images.xcassets */ = {isa = PBXFileReference; lastKnownFileType = folder.assetcatalog; path = Images.xcassets; sourceTree = "<group>"; };
		254F733E1AEA37D300642B0B /* Base */ = {isa = PBXFileReference; lastKnownFileType = file.xib; name = Base; path = Base.lproj/LaunchScreen.xib; sourceTree = "<group>"; };
		254F73541AEA3C0700642B0B /* HappinessViewController.swift */ = {isa = PBXFileReference; fileEncoding = 4; lastKnownFileType = sourcecode.swift; path = HappinessViewController.swift; sourceTree = "<group>"; };
		254F73551AEA3C0700642B0B /* FaceView.swift */ = {isa = PBXFileReference; fileEncoding = 4; lastKnownFileType = sourcecode.swift; path = FaceView.swift; sourceTree = "<group>"; };
/* End PBXFileReference section */

/* Begin PBXFrameworksBuildPhase section */
		254F732C1AEA37D300642B0B /* Frameworks */ = {
			isa = PBXFrameworksBuildPhase;
			buildActionMask = 2147483647;
			files = (
			);
			runOnlyForDeploymentPostprocessing = 0;
		};
/* End PBXFrameworksBuildPhase section */

/* Begin PBXGroup section */
		254F73261AEA37D300642B0B = {
			isa = PBXGroup;
			children = (
				254F73311AEA37D300642B0B /* Psychologist */,
				254F73301AEA37D300642B0B /* Products */,
			);
			sourceTree = "<group>";
		};
		254F73301AEA37D300642B0B /* Products */ = {
			isa = PBXGroup;
			children = (
				254F732F1AEA37D300642B0B /* Psychologist.app */,
			);
			name = Products;
			sourceTree = "<group>";
		};
		254F73311AEA37D300642B0B /* Psychologist */ = {
			isa = PBXGroup;
			children = (
				254F73541AEA3C0700642B0B /* HappinessViewController.swift */,
				254F73551AEA3C0700642B0B /* FaceView.swift */,
				254F73361AEA37D300642B0B /* PsychologistViewController.swift */,
				254F73381AEA37D300642B0B /* Main.storyboard */,
				254F733B1AEA37D300642B0B /* Images.xcassets */,
				254F73321AEA37D300642B0B /* Supporting Files */,
			);
			path = Psychologist;
			sourceTree = "<group>";
		};
		254F73321AEA37D300642B0B /* Supporting Files */ = {
			isa = PBXGroup;
			children = (
				254F73341AEA37D300642B0B /* AppDelegate.swift */,
				254F733D1AEA37D300642B0B /* LaunchScreen.xib */,
				254F73331AEA37D300642B0B /* Info.plist */,
			);
			name = "Supporting Files";
			sourceTree = "<group>";
		};
/* End PBXGroup section */

/* Begin PBXNativeTarget section */
		254F732E1AEA37D300642B0B /* Psychologist */ = {
			isa = PBXNativeTarget;
			buildConfigurationList = 254F734E1AEA37D400642B0B /* Build configuration list for PBXNativeTarget "Psychologist" */;
			buildPhases = (
				254F732B1AEA37D300642B0B /* Sources */,
				254F732C1AEA37D300642B0B /* Frameworks */,
				254F732D1AEA37D300642B0B /* Resources */,
			);
			buildRules = (
			);
			dependencies = (
			);
			name = Psychologist;
			productName = Psychologist;
			productReference = 254F732F1AEA37D300642B0B /* Psychologist.app */;
			productType = "com.apple.product-type.application";
		};
/* End PBXNativeTarget section */

/* Begin PBXProject section */
		254F73271AEA37D300642B0B /* Project object */ = {
			isa = PBXProject;
			attributes = {
				LastUpgradeCheck = 0630;
				ORGANIZATIONNAME = Destiny;
				TargetAttributes = {
					254F732E1AEA37D300642B0B = {
						CreatedOnToolsVersion = 6.3;
					};
				};
			};
			buildConfigurationList = 254F732A1AEA37D300642B0B /* Build configuration list for PBXProject "Psychologist" */;
			compatibilityVersion = "Xcode 3.2";
			developmentRegion = English;
			hasScannedForEncodings = 0;
			knownRegions = (
				en,
				Base,
			);
			mainGroup = 254F73261AEA37D300642B0B;
			productRefGroup = 254F73301AEA37D300642B0B /* Products */;
			projectDirPath = "";
			projectRoot = "";
			targets = (
				254F732E1AEA37D300642B0B /* Psychologist */,
			);
		};
/* End PBXProject section */

/* Begin PBXResourcesBuildPhase section */
		254F732D1AEA37D300642B0B /* Resources */ = {
			isa = PBXResourcesBuildPhase;
			buildActionMask = 2147483647;
			files = (
				254F733A1AEA37D300642B0B /* Main.storyboard in Resources */,
				254F733F1AEA37D300642B0B /* LaunchScreen.xib in Resources */,
				254F733C1AEA37D300642B0B /* Images.xcassets in Resources */,
			);
			runOnlyForDeploymentPostprocessing = 0;
		};
/* End PBXResourcesBuildPhase section */

/* Begin PBXSourcesBuildPhase section */
		254F732B1AEA37D300642B0B /* Sources */ = {
			isa = PBXSourcesBuildPhase;
			buildActionMask = 2147483647;
			files = (
				254F73371AEA37D300642B0B /* PsychologistViewController.swift in Sources */,
				254F73561AEA3C0700642B0B /* HappinessViewController.swift in Sources */,
				254F73351AEA37D300642B0B /* AppDelegate.swift in Sources */,
				254F73571AEA3C0700642B0B /* FaceView.swift in Sources */,
			);
			runOnlyForDeploymentPostprocessing = 0;
		};
/* End PBXSourcesBuildPhase section */

/* Begin PBXVariantGroup section */
		254F73381AEA37D300642B0B /* Main.storyboard */ = {
			isa = PBXVariantGroup;
			children = (
				254F73391AEA37D300642B0B /* Base */,
			);
			name = Main.storyboard;
			sourceTree = "<group>";
		};
		254F733D1AEA37D300642B0B /* LaunchScreen.xib */ = {
			isa = PBXVariantGroup;
			children = (
				254F733E1AEA37D300642B0B /* Base */,
			);
			name = LaunchScreen.xib;
			sourceTree = "<group>";
		};
/* End PBXVariantGroup section */

/* Begin XCBuildConfiguration section */
		254F734C1AEA37D400642B0B /* Debug */ = {
			isa = XCBuildConfiguration;
			buildSettings = {
				ALWAYS_SEARCH_USER_PATHS = NO;
				CLANG_CXX_LANGUAGE_STANDARD = "gnu++0x";
				CLANG_CXX_LIBRARY = "libc++";
				CLANG_ENABLE_MODULES = YES;
				CLANG_ENABLE_OBJC_ARC = YES;
				CLANG_WARN_BOOL_CONVERSION = YES;
				CLANG_WARN_CONSTANT_CONVERSION = YES;
				CLANG_WARN_DIRECT_OBJC_ISA_USAGE = YES_ERROR;
				CLANG_WARN_EMPTY_BODY = YES;
				CLANG_WARN_ENUM_CONVERSION = YES;
				CLANG_WARN_INT_CONVERSION = YES;
				CLANG_WARN_OBJC_ROOT_CLASS = YES_ERROR;
				CLANG_WARN_UNREACHABLE_CODE = YES;
				CLANG_WARN__DUPLICATE_METHOD_MATCH = YES;
				"CODE_SIGN_IDENTITY[sdk=iphoneos*]" = "iPhone Developer";
				COPY_PHASE_STRIP = NO;
				DEBUG_INFORMATION_FORMAT = "dwarf-with-dsym";
				ENABLE_STRICT_OBJC_MSGSEND = YES;
				GCC_C_LANGUAGE_STANDARD = gnu99;
				GCC_DYNAMIC_NO_PIC = NO;
				GCC_NO_COMMON_BLOCKS = YES;
				GCC_OPTIMIZATION_LEVEL = 0;
				GCC_PREPROCESSOR_DEFINITIONS = (
					"DEBUG=1",
					"$(inherited)",
				);
				GCC_SYMBOLS_PRIVATE_EXTERN = NO;
				GCC_WARN_64_TO_32_BIT_CONVERSION = YES;
				GCC_WARN_ABOUT_RETURN_TYPE = YES_ERROR;
				GCC_WARN_UNDECLARED_SELECTOR = YES;
				GCC_WARN_UNINITIALIZED_AUTOS = YES_AGGRESSIVE;
				GCC_WARN_UNUSED_FUNCTION = YES;
				GCC_WARN_UNUSED_VARIABLE = YES;
				IPHONEOS_DEPLOYMENT_TARGET = 8.3;
				MTL_ENABLE_DEBUG_INFO = YES;
				ONLY_ACTIVE_ARCH = YES;
				SDKROOT = iphoneos;
				SWIFT_OPTIMIZATION_LEVEL = "-Onone";
				TARGETED_DEVICE_FAMILY = "1,2";
			};
			name = Debug;
		};
		254F734D1AEA37D400642B0B /* Release */ = {
			isa = XCBuildConfiguration;
			buildSettings = {
				ALWAYS_SEARCH_USER_PATHS = NO;
				CLANG_CXX_LANGUAGE_STANDARD = "gnu++0x";
				CLANG_CXX_LIBRARY = "libc++";
				CLANG_ENABLE_MODULES = YES;
				CLANG_ENABLE_OBJC_ARC = YES;
				CLANG_WARN_BOOL_CONVERSION = YES;
				CLANG_WARN_CONSTANT_CONVERSION = YES;
				CLANG_WARN_DIRECT_OBJC_ISA_USAGE = YES_ERROR;
				CLANG_WARN_EMPTY_BODY = YES;
				CLANG_WARN_ENUM_CONVERSION = YES;
				CLANG_WARN_INT_CONVERSION = YES;
				CLANG_WARN_OBJC_ROOT_CLASS = YES_ERROR;
				CLANG_WARN_UNREACHABLE_CODE = YES;
				CLANG_WARN__DUPLICATE_METHOD_MATCH = YES;
				"CODE_SIGN_IDENTITY[sdk=iphoneos*]" = "iPhone Developer";
				COPY_PHASE_STRIP = NO;
				DEBUG_INFORMATION_FORMAT = "dwarf-with-dsym";
				ENABLE_NS_ASSERTIONS = NO;
				ENABLE_STRICT_OBJC_MSGSEND = YES;
				GCC_C_LANGUAGE_STANDARD = gnu99;
				GCC_NO_COMMON_BLOCKS = YES;
				GCC_WARN_64_TO_32_BIT_CONVERSION = YES;
				GCC_WARN_ABOUT_RETURN_TYPE = YES_ERROR;
				GCC_WARN_UNDECLARED_SELECTOR = YES;
				GCC_WARN_UNINITIALIZED_AUTOS = YES_AGGRESSIVE;
				GCC_WARN_UNUSED_FUNCTION = YES;
				GCC_WARN_UNUSED_VARIABLE = YES;
				IPHONEOS_DEPLOYMENT_TARGET = 8.3;
				MTL_ENABLE_DEBUG_INFO = NO;
				SDKROOT = iphoneos;
				TARGETED_DEVICE_FAMILY = "1,2";
				VALIDATE_PRODUCT = YES;
			};
			name = Release;
		};
		254F734F1AEA37D400642B0B /* Debug */ = {
			isa = XCBuildConfiguration;
			buildSettings = {
				ASSETCATALOG_COMPILER_APPICON_NAME = AppIcon;
				INFOPLIST_FILE = Psychologist/Info.plist;
				LD_RUNPATH_SEARCH_PATHS = "$(inherited) @executable_path/Frameworks";
				PRODUCT_NAME = "$(TARGET_NAME)";
			};
			name = Debug;
		};
		254F73501AEA37D400642B0B /* Release */ = {
			isa = XCBuildConfiguration;
			buildSettings = {
				ASSETCATALOG_COMPILER_APPICON_NAME = AppIcon;
				INFOPLIST_FILE = Psychologist/Info.plist;
				LD_RUNPATH_SEARCH_PATHS = "$(inherited) @executable_path/Frameworks";
				PRODUCT_NAME = "$(TARGET_NAME)";
			};
			name = Release;
		};
/* End XCBuildConfiguration section */

/* Begin XCConfigurationList section */
		254F732A1AEA37D300642B0B /* Build configuration list for PBXProject "Psychologist" */ = {
			isa = XCConfigurationList;
			buildConfigurations = (
				254F734C1AEA37D400642B0B /* Debug */,
				254F734D1AEA37D400642B0B /* Release */,
			);
			defaultConfigurationIsVisible = 0;
			defaultConfigurationName = Release;
		};
		254F734E1AEA37D400642B0B /* Build configuration list for PBXNativeTarget "Psychologist" */ = {
			isa = XCConfigurationList;
			buildConfigurations = (
				254F734F1AEA37D400642B0B /* Debug */,
				254F73501AEA37D400642B0B /* Release */,
			);
			defaultConfigurationIsVisible = 0;
		};
/* End XCConfigurationList section */
	};
	rootObject = 254F73271AEA37D300642B0B /* Project object */;
}
