// !$*UTF8*$!
{
	archiveVersion = 1;
	classes = {
	};
	objectVersion = 46;
	objects = {

/* Begin PBXBuildFile section */
		253CE7C81B0C928000292F04 /* DropItBehavior.swift in Sources */ = {isa = PBXBuildFile; fileRef = 253CE7C71B0C928000292F04 /* DropItBehavior.swift */; };
		254DA8A31B0B62F7008FDAC4 /* AppDelegate.swift in Sources */ = {isa = PBXBuildFile; fileRef = 254DA8A21B0B62F7008FDAC4 /* AppDelegate.swift */; };
		254DA8A51B0B62F7008FDAC4 /* DropItViewController.swift in Sources */ = {isa = PBXBuildFile; fileRef = 254DA8A41B0B62F7008FDAC4 /* DropItViewController.swift */; };
		254DA8A81B0B62F7008FDAC4 /* Main.storyboard in Resources */ = {isa = PBXBuildFile; fileRef = 254DA8A61B0B62F7008FDAC4 /* Main.storyboard */; };
		254DA8AA1B0B62F7008FDAC4 /* Images.xcassets in Resources */ = {isa = PBXBuildFile; fileRef = 254DA8A91B0B62F7008FDAC4 /* Images.xcassets */; };
		254DA8AD1B0B62F7008FDAC4 /* LaunchScreen.xib in Resources */ = {isa = PBXBuildFile; fileRef = 254DA8AB1B0B62F7008FDAC4 /* LaunchScreen.xib */; };
		254DA8B91B0B62F7008FDAC4 /* DropItTests.swift in Sources */ = {isa = PBXBuildFile; fileRef = 254DA8B81B0B62F7008FDAC4 /* DropItTests.swift */; };
/* End PBXBuildFile section */

/* Begin PBXContainerItemProxy section */
		254DA8B31B0B62F7008FDAC4 /* PBXContainerItemProxy */ = {
			isa = PBXContainerItemProxy;
			containerPortal = 254DA8951B0B62F7008FDAC4 /* Project object */;
			proxyType = 1;
			remoteGlobalIDString = 254DA89C1B0B62F7008FDAC4;
			remoteInfo = DropIt;
		};
/* End PBXContainerItemProxy section */

/* Begin PBXFileReference section */
		253CE7C71B0C928000292F04 /* DropItBehavior.swift */ = {isa = PBXFileReference; fileEncoding = 4; lastKnownFileType = sourcecode.swift; path = DropItBehavior.swift; sourceTree = "<group>"; };
		254DA89D1B0B62F7008FDAC4 /* DropIt.app */ = {isa = PBXFileReference; explicitFileType = wrapper.application; includeInIndex = 0; path = DropIt.app; sourceTree = BUILT_PRODUCTS_DIR; };
		254DA8A11B0B62F7008FDAC4 /* Info.plist */ = {isa = PBXFileReference; lastKnownFileType = text.plist.xml; path = Info.plist; sourceTree = "<group>"; };
		254DA8A21B0B62F7008FDAC4 /* AppDelegate.swift */ = {isa = PBXFileReference; lastKnownFileType = sourcecode.swift; path = AppDelegate.swift; sourceTree = "<group>"; };
		254DA8A41B0B62F7008FDAC4 /* DropItViewController.swift */ = {isa = PBXFileReference; lastKnownFileType = sourcecode.swift; path = DropItViewController.swift; sourceTree = "<group>"; };
		254DA8A71B0B62F7008FDAC4 /* Base */ = {isa = PBXFileReference; lastKnownFileType = file.storyboard; name = Base; path = Base.lproj/Main.storyboard; sourceTree = "<group>"; };
		254DA8A91B0B62F7008FDAC4 /* Images.xcassets */ = {isa = PBXFileReference; lastKnownFileType = folder.assetcatalog; path = Images.xcassets; sourceTree = "<group>"; };
		254DA8AC1B0B62F7008FDAC4 /* Base */ = {isa = PBXFileReference; lastKnownFileType = file.xib; name = Base; path = Base.lproj/LaunchScreen.xib; sourceTree = "<group>"; };
		254DA8B21B0B62F7008FDAC4 /* DropItTests.xctest */ = {isa = PBXFileReference; explicitFileType = wrapper.cfbundle; includeInIndex = 0; path = DropItTests.xctest; sourceTree = BUILT_PRODUCTS_DIR; };
		254DA8B71B0B62F7008FDAC4 /* Info.plist */ = {isa = PBXFileReference; lastKnownFileType = text.plist.xml; path = Info.plist; sourceTree = "<group>"; };
		254DA8B81B0B62F7008FDAC4 /* DropItTests.swift */ = {isa = PBXFileReference; lastKnownFileType = sourcecode.swift; path = DropItTests.swift; sourceTree = "<group>"; };
/* End PBXFileReference section */

/* Begin PBXFrameworksBuildPhase section */
		254DA89A1B0B62F7008FDAC4 /* Frameworks */ = {
			isa = PBXFrameworksBuildPhase;
			buildActionMask = 2147483647;
			files = (
			);
			runOnlyForDeploymentPostprocessing = 0;
		};
		254DA8AF1B0B62F7008FDAC4 /* Frameworks */ = {
			isa = PBXFrameworksBuildPhase;
			buildActionMask = 2147483647;
			files = (
			);
			runOnlyForDeploymentPostprocessing = 0;
		};
/* End PBXFrameworksBuildPhase section */

/* Begin PBXGroup section */
		254DA8941B0B62F7008FDAC4 = {
			isa = PBXGroup;
			children = (
				254DA89F1B0B62F7008FDAC4 /* DropIt */,
				254DA8B51B0B62F7008FDAC4 /* DropItTests */,
				254DA89E1B0B62F7008FDAC4 /* Products */,
			);
			sourceTree = "<group>";
		};
		254DA89E1B0B62F7008FDAC4 /* Products */ = {
			isa = PBXGroup;
			children = (
				254DA89D1B0B62F7008FDAC4 /* DropIt.app */,
				254DA8B21B0B62F7008FDAC4 /* DropItTests.xctest */,
			);
			name = Products;
			sourceTree = "<group>";
		};
		254DA89F1B0B62F7008FDAC4 /* DropIt */ = {
			isa = PBXGroup;
			children = (
				254DA8A21B0B62F7008FDAC4 /* AppDelegate.swift */,
				254DA8A41B0B62F7008FDAC4 /* DropItViewController.swift */,
				253CE7C71B0C928000292F04 /* DropItBehavior.swift */,
				254DA8A61B0B62F7008FDAC4 /* Main.storyboard */,
				254DA8A91B0B62F7008FDAC4 /* Images.xcassets */,
				254DA8AB1B0B62F7008FDAC4 /* LaunchScreen.xib */,
				254DA8A01B0B62F7008FDAC4 /* Supporting Files */,
			);
			path = DropIt;
			sourceTree = "<group>";
		};
		254DA8A01B0B62F7008FDAC4 /* Supporting Files */ = {
			isa = PBXGroup;
			children = (
				254DA8A11B0B62F7008FDAC4 /* Info.plist */,
			);
			name = "Supporting Files";
			sourceTree = "<group>";
		};
		254DA8B51B0B62F7008FDAC4 /* DropItTests */ = {
			isa = PBXGroup;
			children = (
				254DA8B81B0B62F7008FDAC4 /* DropItTests.swift */,
				254DA8B61B0B62F7008FDAC4 /* Supporting Files */,
			);
			path = DropItTests;
			sourceTree = "<group>";
		};
		254DA8B61B0B62F7008FDAC4 /* Supporting Files */ = {
			isa = PBXGroup;
			children = (
				254DA8B71B0B62F7008FDAC4 /* Info.plist */,
			);
			name = "Supporting Files";
			sourceTree = "<group>";
		};
/* End PBXGroup section */

/* Begin PBXNativeTarget section */
		254DA89C1B0B62F7008FDAC4 /* DropIt */ = {
			isa = PBXNativeTarget;
			buildConfigurationList = 254DA8BC1B0B62F7008FDAC4 /* Build configuration list for PBXNativeTarget "DropIt" */;
			buildPhases = (
				254DA8991B0B62F7008FDAC4 /* Sources */,
				254DA89A1B0B62F7008FDAC4 /* Frameworks */,
				254DA89B1B0B62F7008FDAC4 /* Resources */,
			);
			buildRules = (
			);
			dependencies = (
			);
			name = DropIt;
			productName = DropIt;
			productReference = 254DA89D1B0B62F7008FDAC4 /* DropIt.app */;
			productType = "com.apple.product-type.application";
		};
		254DA8B11B0B62F7008FDAC4 /* DropItTests */ = {
			isa = PBXNativeTarget;
			buildConfigurationList = 254DA8BF1B0B62F7008FDAC4 /* Build configuration list for PBXNativeTarget "DropItTests" */;
			buildPhases = (
				254DA8AE1B0B62F7008FDAC4 /* Sources */,
				254DA8AF1B0B62F7008FDAC4 /* Frameworks */,
				254DA8B01B0B62F7008FDAC4 /* Resources */,
			);
			buildRules = (
			);
			dependencies = (
				254DA8B41B0B62F7008FDAC4 /* PBXTargetDependency */,
			);
			name = DropItTests;
			productName = DropItTests;
			productReference = 254DA8B21B0B62F7008FDAC4 /* DropItTests.xctest */;
			productType = "com.apple.product-type.bundle.unit-test";
		};
/* End PBXNativeTarget section */

/* Begin PBXProject section */
		254DA8951B0B62F7008FDAC4 /* Project object */ = {
			isa = PBXProject;
			attributes = {
				LastUpgradeCheck = 0630;
				ORGANIZATIONNAME = Destiny;
				TargetAttributes = {
					254DA89C1B0B62F7008FDAC4 = {
						CreatedOnToolsVersion = 6.3.1;
					};
					254DA8B11B0B62F7008FDAC4 = {
						CreatedOnToolsVersion = 6.3.1;
						TestTargetID = 254DA89C1B0B62F7008FDAC4;
					};
				};
			};
			buildConfigurationList = 254DA8981B0B62F7008FDAC4 /* Build configuration list for PBXProject "DropIt" */;
			compatibilityVersion = "Xcode 3.2";
			developmentRegion = English;
			hasScannedForEncodings = 0;
			knownRegions = (
				en,
				Base,
			);
			mainGroup = 254DA8941B0B62F7008FDAC4;
			productRefGroup = 254DA89E1B0B62F7008FDAC4 /* Products */;
			projectDirPath = "";
			projectRoot = "";
			targets = (
				254DA89C1B0B62F7008FDAC4 /* DropIt */,
				254DA8B11B0B62F7008FDAC4 /* DropItTests */,
			);
		};
/* End PBXProject section */

/* Begin PBXResourcesBuildPhase section */
		254DA89B1B0B62F7008FDAC4 /* Resources */ = {
			isa = PBXResourcesBuildPhase;
			buildActionMask = 2147483647;
			files = (
				254DA8A81B0B62F7008FDAC4 /* Main.storyboard in Resources */,
				254DA8AD1B0B62F7008FDAC4 /* LaunchScreen.xib in Resources */,
				254DA8AA1B0B62F7008FDAC4 /* Images.xcassets in Resources */,
			);
			runOnlyForDeploymentPostprocessing = 0;
		};
		254DA8B01B0B62F7008FDAC4 /* Resources */ = {
			isa = PBXResourcesBuildPhase;
			buildActionMask = 2147483647;
			files = (
			);
			runOnlyForDeploymentPostprocessing = 0;
		};
/* End PBXResourcesBuildPhase section */

/* Begin PBXSourcesBuildPhase section */
		254DA8991B0B62F7008FDAC4 /* Sources */ = {
			isa = PBXSourcesBuildPhase;
			buildActionMask = 2147483647;
			files = (
				254DA8A51B0B62F7008FDAC4 /* DropItViewController.swift in Sources */,
				254DA8A31B0B62F7008FDAC4 /* AppDelegate.swift in Sources */,
				253CE7C81B0C928000292F04 /* DropItBehavior.swift in Sources */,
			);
			runOnlyForDeploymentPostprocessing = 0;
		};
		254DA8AE1B0B62F7008FDAC4 /* Sources */ = {
			isa = PBXSourcesBuildPhase;
			buildActionMask = 2147483647;
			files = (
				254DA8B91B0B62F7008FDAC4 /* DropItTests.swift in Sources */,
			);
			runOnlyForDeploymentPostprocessing = 0;
		};
/* End PBXSourcesBuildPhase section */

/* Begin PBXTargetDependency section */
		254DA8B41B0B62F7008FDAC4 /* PBXTargetDependency */ = {
			isa = PBXTargetDependency;
			target = 254DA89C1B0B62F7008FDAC4 /* DropIt */;
			targetProxy = 254DA8B31B0B62F7008FDAC4 /* PBXContainerItemProxy */;
		};
/* End PBXTargetDependency section */

/* Begin PBXVariantGroup section */
		254DA8A61B0B62F7008FDAC4 /* Main.storyboard */ = {
			isa = PBXVariantGroup;
			children = (
				254DA8A71B0B62F7008FDAC4 /* Base */,
			);
			name = Main.storyboard;
			sourceTree = "<group>";
		};
		254DA8AB1B0B62F7008FDAC4 /* LaunchScreen.xib */ = {
			isa = PBXVariantGroup;
			children = (
				254DA8AC1B0B62F7008FDAC4 /* Base */,
			);
			name = LaunchScreen.xib;
			sourceTree = "<group>";
		};
/* End PBXVariantGroup section */

/* Begin XCBuildConfiguration section */
		254DA8BA1B0B62F7008FDAC4 /* Debug */ = {
			isa = XCBuildConfiguration;
			buildSettings = {
				ALWAYS_SEARCH_USER_PATHS = NO;
				CLANG_CXX_LANGUAGE_STANDARD = "gnu++0x";
				CLANG_CXX_LIBRARY = "libc++";
				CLANG_ENABLE_MODULES = YES;
				CLANG_ENABLE_OBJC_ARC = YES;
				CLANG_WARN_BOOL_CONVERSION = YES;
				CLANG_WARN_CONSTANT_CONVERSION = YES;
				CLANG_WARN_DIRECT_OBJC_ISA_USAGE = YES_ERROR;
				CLANG_WARN_EMPTY_BODY = YES;
				CLANG_WARN_ENUM_CONVERSION = YES;
				CLANG_WARN_INT_CONVERSION = YES;
				CLANG_WARN_OBJC_ROOT_CLASS = YES_ERROR;
				CLANG_WARN_UNREACHABLE_CODE = YES;
				CLANG_WARN__DUPLICATE_METHOD_MATCH = YES;
				"CODE_SIGN_IDENTITY[sdk=iphoneos*]" = "iPhone Developer";
				COPY_PHASE_STRIP = NO;
				DEBUG_INFORMATION_FORMAT = "dwarf-with-dsym";
				ENABLE_STRICT_OBJC_MSGSEND = YES;
				GCC_C_LANGUAGE_STANDARD = gnu99;
				GCC_DYNAMIC_NO_PIC = NO;
				GCC_NO_COMMON_BLOCKS = YES;
				GCC_OPTIMIZATION_LEVEL = 0;
				GCC_PREPROCESSOR_DEFINITIONS = (
					"DEBUG=1",
					"$(inherited)",
				);
				GCC_SYMBOLS_PRIVATE_EXTERN = NO;
				GCC_WARN_64_TO_32_BIT_CONVERSION = YES;
				GCC_WARN_ABOUT_RETURN_TYPE = YES_ERROR;
				GCC_WARN_UNDECLARED_SELECTOR = YES;
				GCC_WARN_UNINITIALIZED_AUTOS = YES_AGGRESSIVE;
				GCC_WARN_UNUSED_FUNCTION = YES;
				GCC_WARN_UNUSED_VARIABLE = YES;
				IPHONEOS_DEPLOYMENT_TARGET = 8.3;
				MTL_ENABLE_DEBUG_INFO = YES;
				ONLY_ACTIVE_ARCH = YES;
				SDKROOT = iphoneos;
				SWIFT_OPTIMIZATION_LEVEL = "-Onone";
				TARGETED_DEVICE_FAMILY = "1,2";
			};
			name = Debug;
		};
		254DA8BB1B0B62F7008FDAC4 /* Release */ = {
			isa = XCBuildConfiguration;
			buildSettings = {
				ALWAYS_SEARCH_USER_PATHS = NO;
				CLANG_CXX_LANGUAGE_STANDARD = "gnu++0x";
				CLANG_CXX_LIBRARY = "libc++";
				CLANG_ENABLE_MODULES = YES;
				CLANG_ENABLE_OBJC_ARC = YES;
				CLANG_WARN_BOOL_CONVERSION = YES;
				CLANG_WARN_CONSTANT_CONVERSION = YES;
				CLANG_WARN_DIRECT_OBJC_ISA_USAGE = YES_ERROR;
				CLANG_WARN_EMPTY_BODY = YES;
				CLANG_WARN_ENUM_CONVERSION = YES;
				CLANG_WARN_INT_CONVERSION = YES;
				CLANG_WARN_OBJC_ROOT_CLASS = YES_ERROR;
				CLANG_WARN_UNREACHABLE_CODE = YES;
				CLANG_WARN__DUPLICATE_METHOD_MATCH = YES;
				"CODE_SIGN_IDENTITY[sdk=iphoneos*]" = "iPhone Developer";
				COPY_PHASE_STRIP = NO;
				DEBUG_INFORMATION_FORMAT = "dwarf-with-dsym";
				ENABLE_NS_ASSERTIONS = NO;
				ENABLE_STRICT_OBJC_MSGSEND = YES;
				GCC_C_LANGUAGE_STANDARD = gnu99;
				GCC_NO_COMMON_BLOCKS = YES;
				GCC_WARN_64_TO_32_BIT_CONVERSION = YES;
				GCC_WARN_ABOUT_RETURN_TYPE = YES_ERROR;
				GCC_WARN_UNDECLARED_SELECTOR = YES;
				GCC_WARN_UNINITIALIZED_AUTOS = YES_AGGRESSIVE;
				GCC_WARN_UNUSED_FUNCTION = YES;
				GCC_WARN_UNUSED_VARIABLE = YES;
				IPHONEOS_DEPLOYMENT_TARGET = 8.3;
				MTL_ENABLE_DEBUG_INFO = NO;
				SDKROOT = iphoneos;
				TARGETED_DEVICE_FAMILY = "1,2";
				VALIDATE_PRODUCT = YES;
			};
			name = Release;
		};
		254DA8BD1B0B62F7008FDAC4 /* Debug */ = {
			isa = XCBuildConfiguration;
			buildSettings = {
				ASSETCATALOG_COMPILER_APPICON_NAME = AppIcon;
				INFOPLIST_FILE = DropIt/Info.plist;
				LD_RUNPATH_SEARCH_PATHS = "$(inherited) @executable_path/Frameworks";
				PRODUCT_NAME = "$(TARGET_NAME)";
			};
			name = Debug;
		};
		254DA8BE1B0B62F7008FDAC4 /* Release */ = {
			isa = XCBuildConfiguration;
			buildSettings = {
				ASSETCATALOG_COMPILER_APPICON_NAME = AppIcon;
				INFOPLIST_FILE = DropIt/Info.plist;
				LD_RUNPATH_SEARCH_PATHS = "$(inherited) @executable_path/Frameworks";
				PRODUCT_NAME = "$(TARGET_NAME)";
			};
			name = Release;
		};
		254DA8C01B0B62F7008FDAC4 /* Debug */ = {
			isa = XCBuildConfiguration;
			buildSettings = {
				BUNDLE_LOADER = "$(TEST_HOST)";
				FRAMEWORK_SEARCH_PATHS = (
					"$(SDKROOT)/Developer/Library/Frameworks",
					"$(inherited)",
				);
				GCC_PREPROCESSOR_DEFINITIONS = (
					"DEBUG=1",
					"$(inherited)",
				);
				INFOPLIST_FILE = DropItTests/Info.plist;
				LD_RUNPATH_SEARCH_PATHS = "$(inherited) @executable_path/Frameworks @loader_path/Frameworks";
				PRODUCT_NAME = "$(TARGET_NAME)";
				TEST_HOST = "$(BUILT_PRODUCTS_DIR)/DropIt.app/DropIt";
			};
			name = Debug;
		};
		254DA8C11B0B62F7008FDAC4 /* Release */ = {
			isa = XCBuildConfiguration;
			buildSettings = {
				BUNDLE_LOADER = "$(TEST_HOST)";
				FRAMEWORK_SEARCH_PATHS = (
					"$(SDKROOT)/Developer/Library/Frameworks",
					"$(inherited)",
				);
				INFOPLIST_FILE = DropItTests/Info.plist;
				LD_RUNPATH_SEARCH_PATHS = "$(inherited) @executable_path/Frameworks @loader_path/Frameworks";
				PRODUCT_NAME = "$(TARGET_NAME)";
				TEST_HOST = "$(BUILT_PRODUCTS_DIR)/DropIt.app/DropIt";
			};
			name = Release;
		};
/* End XCBuildConfiguration section */

/* Begin XCConfigurationList section */
		254DA8981B0B62F7008FDAC4 /* Build configuration list for PBXProject "DropIt" */ = {
			isa = XCConfigurationList;
			buildConfigurations = (
				254DA8BA1B0B62F7008FDAC4 /* Debug */,
				254DA8BB1B0B62F7008FDAC4 /* Release */,
			);
			defaultConfigurationIsVisible = 0;
			defaultConfigurationName = Release;
		};
		254DA8BC1B0B62F7008FDAC4 /* Build configuration list for PBXNativeTarget "DropIt" */ = {
			isa = XCConfigurationList;
			buildConfigurations = (
				254DA8BD1B0B62F7008FDAC4 /* Debug */,
				254DA8BE1B0B62F7008FDAC4 /* Release */,
			);
			defaultConfigurationIsVisible = 0;
			defaultConfigurationName = Release;
		};
		254DA8BF1B0B62F7008FDAC4 /* Build configuration list for PBXNativeTarget "DropItTests" */ = {
			isa = XCConfigurationList;
			buildConfigurations = (
				254DA8C01B0B62F7008FDAC4 /* Debug */,
				254DA8C11B0B62F7008FDAC4 /* Release */,
			);
			defaultConfigurationIsVisible = 0;
			defaultConfigurationName = Release;
		};
/* End XCConfigurationList section */
	};
	rootObject = 254DA8951B0B62F7008FDAC4 /* Project object */;
}
