// !$*UTF8*$!
{
	archiveVersion = 1;
	classes = {
	};
	objectVersion = 46;
	objects = {

/* Begin PBXBuildFile section */
		253312CE1AEE08FF00E29242 /* AppDelegate.swift in Sources */ = {isa = PBXBuildFile; fileRef = 253312CD1AEE08FF00E29242 /* AppDelegate.swift */; };
		253312D01AEE08FF00E29242 /* ViewController.swift in Sources */ = {isa = PBXBuildFile; fileRef = 253312CF1AEE08FF00E29242 /* ViewController.swift */; };
		253312D31AEE08FF00E29242 /* Main.storyboard in Resources */ = {isa = PBXBuildFile; fileRef = 253312D11AEE08FF00E29242 /* Main.storyboard */; };
		253312D51AEE08FF00E29242 /* Images.xcassets in Resources */ = {isa = PBXBuildFile; fileRef = 253312D41AEE08FF00E29242 /* Images.xcassets */; };
		253312D81AEE08FF00E29242 /* LaunchScreen.xib in Resources */ = {isa = PBXBuildFile; fileRef = 253312D61AEE08FF00E29242 /* LaunchScreen.xib */; };
		253312E41AEE08FF00E29242 /* AutoLayoutTests.swift in Sources */ = {isa = PBXBuildFile; fileRef = 253312E31AEE08FF00E29242 /* AutoLayoutTests.swift */; };
		253312EE1AEE1D2400E29242 /* User.swift in Sources */ = {isa = PBXBuildFile; fileRef = 253312ED1AEE1D2400E29242 /* User.swift */; };
/* End PBXBuildFile section */

/* Begin PBXContainerItemProxy section */
		253312DE1AEE08FF00E29242 /* PBXContainerItemProxy */ = {
			isa = PBXContainerItemProxy;
			containerPortal = 253312C01AEE08FF00E29242 /* Project object */;
			proxyType = 1;
			remoteGlobalIDString = 253312C71AEE08FF00E29242;
			remoteInfo = AutoLayout;
		};
/* End PBXContainerItemProxy section */

/* Begin PBXFileReference section */
		253312C81AEE08FF00E29242 /* AutoLayout.app */ = {isa = PBXFileReference; explicitFileType = wrapper.application; includeInIndex = 0; path = AutoLayout.app; sourceTree = BUILT_PRODUCTS_DIR; };
		253312CC1AEE08FF00E29242 /* Info.plist */ = {isa = PBXFileReference; lastKnownFileType = text.plist.xml; path = Info.plist; sourceTree = "<group>"; };
		253312CD1AEE08FF00E29242 /* AppDelegate.swift */ = {isa = PBXFileReference; lastKnownFileType = sourcecode.swift; path = AppDelegate.swift; sourceTree = "<group>"; };
		253312CF1AEE08FF00E29242 /* ViewController.swift */ = {isa = PBXFileReference; lastKnownFileType = sourcecode.swift; path = ViewController.swift; sourceTree = "<group>"; };
		253312D21AEE08FF00E29242 /* Base */ = {isa = PBXFileReference; lastKnownFileType = file.storyboard; name = Base; path = Base.lproj/Main.storyboard; sourceTree = "<group>"; };
		253312D41AEE08FF00E29242 /* Images.xcassets */ = {isa = PBXFileReference; lastKnownFileType = folder.assetcatalog; path = Images.xcassets; sourceTree = "<group>"; };
		253312D71AEE08FF00E29242 /* Base */ = {isa = PBXFileReference; lastKnownFileType = file.xib; name = Base; path = Base.lproj/LaunchScreen.xib; sourceTree = "<group>"; };
		253312DD1AEE08FF00E29242 /* AutoLayoutTests.xctest */ = {isa = PBXFileReference; explicitFileType = wrapper.cfbundle; includeInIndex = 0; path = AutoLayoutTests.xctest; sourceTree = BUILT_PRODUCTS_DIR; };
		253312E21AEE08FF00E29242 /* Info.plist */ = {isa = PBXFileReference; lastKnownFileType = text.plist.xml; path = Info.plist; sourceTree = "<group>"; };
		253312E31AEE08FF00E29242 /* AutoLayoutTests.swift */ = {isa = PBXFileReference; lastKnownFileType = sourcecode.swift; path = AutoLayoutTests.swift; sourceTree = "<group>"; };
		253312ED1AEE1D2400E29242 /* User.swift */ = {isa = PBXFileReference; fileEncoding = 4; lastKnownFileType = sourcecode.swift; path = User.swift; sourceTree = "<group>"; };
/* End PBXFileReference section */

/* Begin PBXFrameworksBuildPhase section */
		253312C51AEE08FF00E29242 /* Frameworks */ = {
			isa = PBXFrameworksBuildPhase;
			buildActionMask = 2147483647;
			files = (
			);
			runOnlyForDeploymentPostprocessing = 0;
		};
		253312DA1AEE08FF00E29242 /* Frameworks */ = {
			isa = PBXFrameworksBuildPhase;
			buildActionMask = 2147483647;
			files = (
			);
			runOnlyForDeploymentPostprocessing = 0;
		};
/* End PBXFrameworksBuildPhase section */

/* Begin PBXGroup section */
		253312BF1AEE08FF00E29242 = {
			isa = PBXGroup;
			children = (
				253312CA1AEE08FF00E29242 /* AutoLayout */,
				253312E01AEE08FF00E29242 /* AutoLayoutTests */,
				253312C91AEE08FF00E29242 /* Products */,
			);
			sourceTree = "<group>";
		};
		253312C91AEE08FF00E29242 /* Products */ = {
			isa = PBXGroup;
			children = (
				253312C81AEE08FF00E29242 /* AutoLayout.app */,
				253312DD1AEE08FF00E29242 /* AutoLayoutTests.xctest */,
			);
			name = Products;
			sourceTree = "<group>";
		};
		253312CA1AEE08FF00E29242 /* AutoLayout */ = {
			isa = PBXGroup;
			children = (
				253312CF1AEE08FF00E29242 /* ViewController.swift */,
				253312ED1AEE1D2400E29242 /* User.swift */,
				253312D11AEE08FF00E29242 /* Main.storyboard */,
				253312D41AEE08FF00E29242 /* Images.xcassets */,
				253312CB1AEE08FF00E29242 /* Supporting Files */,
			);
			path = AutoLayout;
			sourceTree = "<group>";
		};
		253312CB1AEE08FF00E29242 /* Supporting Files */ = {
			isa = PBXGroup;
			children = (
				253312CD1AEE08FF00E29242 /* AppDelegate.swift */,
				253312D61AEE08FF00E29242 /* LaunchScreen.xib */,
				253312CC1AEE08FF00E29242 /* Info.plist */,
			);
			name = "Supporting Files";
			sourceTree = "<group>";
		};
		253312E01AEE08FF00E29242 /* AutoLayoutTests */ = {
			isa = PBXGroup;
			children = (
				253312E31AEE08FF00E29242 /* AutoLayoutTests.swift */,
				253312E11AEE08FF00E29242 /* Supporting Files */,
			);
			path = AutoLayoutTests;
			sourceTree = "<group>";
		};
		253312E11AEE08FF00E29242 /* Supporting Files */ = {
			isa = PBXGroup;
			children = (
				253312E21AEE08FF00E29242 /* Info.plist */,
			);
			name = "Supporting Files";
			sourceTree = "<group>";
		};
/* End PBXGroup section */

/* Begin PBXNativeTarget section */
		253312C71AEE08FF00E29242 /* AutoLayout */ = {
			isa = PBXNativeTarget;
			buildConfigurationList = 253312E71AEE08FF00E29242 /* Build configuration list for PBXNativeTarget "AutoLayout" */;
			buildPhases = (
				253312C41AEE08FF00E29242 /* Sources */,
				253312C51AEE08FF00E29242 /* Frameworks */,
				253312C61AEE08FF00E29242 /* Resources */,
			);
			buildRules = (
			);
			dependencies = (
			);
			name = AutoLayout;
			productName = AutoLayout;
			productReference = 253312C81AEE08FF00E29242 /* AutoLayout.app */;
			productType = "com.apple.product-type.application";
		};
		253312DC1AEE08FF00E29242 /* AutoLayoutTests */ = {
			isa = PBXNativeTarget;
			buildConfigurationList = 253312EA1AEE08FF00E29242 /* Build configuration list for PBXNativeTarget "AutoLayoutTests" */;
			buildPhases = (
				253312D91AEE08FF00E29242 /* Sources */,
				253312DA1AEE08FF00E29242 /* Frameworks */,
				253312DB1AEE08FF00E29242 /* Resources */,
			);
			buildRules = (
			);
			dependencies = (
				253312DF1AEE08FF00E29242 /* PBXTargetDependency */,
			);
			name = AutoLayoutTests;
			productName = AutoLayoutTests;
			productReference = 253312DD1AEE08FF00E29242 /* AutoLayoutTests.xctest */;
			productType = "com.apple.product-type.bundle.unit-test";
		};
/* End PBXNativeTarget section */

/* Begin PBXProject section */
		253312C01AEE08FF00E29242 /* Project object */ = {
			isa = PBXProject;
			attributes = {
				LastUpgradeCheck = 0630;
				ORGANIZATIONNAME = Destiny;
				TargetAttributes = {
					253312C71AEE08FF00E29242 = {
						CreatedOnToolsVersion = 6.3;
					};
					253312DC1AEE08FF00E29242 = {
						CreatedOnToolsVersion = 6.3;
						TestTargetID = 253312C71AEE08FF00E29242;
					};
				};
			};
			buildConfigurationList = 253312C31AEE08FF00E29242 /* Build configuration list for PBXProject "AutoLayout" */;
			compatibilityVersion = "Xcode 3.2";
			developmentRegion = English;
			hasScannedForEncodings = 0;
			knownRegions = (
				en,
				Base,
			);
			mainGroup = 253312BF1AEE08FF00E29242;
			productRefGroup = 253312C91AEE08FF00E29242 /* Products */;
			projectDirPath = "";
			projectRoot = "";
			targets = (
				253312C71AEE08FF00E29242 /* AutoLayout */,
				253312DC1AEE08FF00E29242 /* AutoLayoutTests */,
			);
		};
/* End PBXProject section */

/* Begin PBXResourcesBuildPhase section */
		253312C61AEE08FF00E29242 /* Resources */ = {
			isa = PBXResourcesBuildPhase;
			buildActionMask = 2147483647;
			files = (
				253312D31AEE08FF00E29242 /* Main.storyboard in Resources */,
				253312D81AEE08FF00E29242 /* LaunchScreen.xib in Resources */,
				253312D51AEE08FF00E29242 /* Images.xcassets in Resources */,
			);
			runOnlyForDeploymentPostprocessing = 0;
		};
		253312DB1AEE08FF00E29242 /* Resources */ = {
			isa = PBXResourcesBuildPhase;
			buildActionMask = 2147483647;
			files = (
			);
			runOnlyForDeploymentPostprocessing = 0;
		};
/* End PBXResourcesBuildPhase section */

/* Begin PBXSourcesBuildPhase section */
		253312C41AEE08FF00E29242 /* Sources */ = {
			isa = PBXSourcesBuildPhase;
			buildActionMask = 2147483647;
			files = (
				253312D01AEE08FF00E29242 /* ViewController.swift in Sources */,
				253312CE1AEE08FF00E29242 /* AppDelegate.swift in Sources */,
				253312EE1AEE1D2400E29242 /* User.swift in Sources */,
			);
			runOnlyForDeploymentPostprocessing = 0;
		};
		253312D91AEE08FF00E29242 /* Sources */ = {
			isa = PBXSourcesBuildPhase;
			buildActionMask = 2147483647;
			files = (
				253312E41AEE08FF00E29242 /* AutoLayoutTests.swift in Sources */,
			);
			runOnlyForDeploymentPostprocessing = 0;
		};
/* End PBXSourcesBuildPhase section */

/* Begin PBXTargetDependency section */
		253312DF1AEE08FF00E29242 /* PBXTargetDependency */ = {
			isa = PBXTargetDependency;
			target = 253312C71AEE08FF00E29242 /* AutoLayout */;
			targetProxy = 253312DE1AEE08FF00E29242 /* PBXContainerItemProxy */;
		};
/* End PBXTargetDependency section */

/* Begin PBXVariantGroup section */
		253312D11AEE08FF00E29242 /* Main.storyboard */ = {
			isa = PBXVariantGroup;
			children = (
				253312D21AEE08FF00E29242 /* Base */,
			);
			name = Main.storyboard;
			sourceTree = "<group>";
		};
		253312D61AEE08FF00E29242 /* LaunchScreen.xib */ = {
			isa = PBXVariantGroup;
			children = (
				253312D71AEE08FF00E29242 /* Base */,
			);
			name = LaunchScreen.xib;
			sourceTree = "<group>";
		};
/* End PBXVariantGroup section */

/* Begin XCBuildConfiguration section */
		253312E51AEE08FF00E29242 /* Debug */ = {
			isa = XCBuildConfiguration;
			buildSettings = {
				ALWAYS_SEARCH_USER_PATHS = NO;
				CLANG_CXX_LANGUAGE_STANDARD = "gnu++0x";
				CLANG_CXX_LIBRARY = "libc++";
				CLANG_ENABLE_MODULES = YES;
				CLANG_ENABLE_OBJC_ARC = YES;
				CLANG_WARN_BOOL_CONVERSION = YES;
				CLANG_WARN_CONSTANT_CONVERSION = YES;
				CLANG_WARN_DIRECT_OBJC_ISA_USAGE = YES_ERROR;
				CLANG_WARN_EMPTY_BODY = YES;
				CLANG_WARN_ENUM_CONVERSION = YES;
				CLANG_WARN_INT_CONVERSION = YES;
				CLANG_WARN_OBJC_ROOT_CLASS = YES_ERROR;
				CLANG_WARN_UNREACHABLE_CODE = YES;
				CLANG_WARN__DUPLICATE_METHOD_MATCH = YES;
				"CODE_SIGN_IDENTITY[sdk=iphoneos*]" = "iPhone Developer";
				COPY_PHASE_STRIP = NO;
				DEBUG_INFORMATION_FORMAT = "dwarf-with-dsym";
				ENABLE_STRICT_OBJC_MSGSEND = YES;
				GCC_C_LANGUAGE_STANDARD = gnu99;
				GCC_DYNAMIC_NO_PIC = NO;
				GCC_NO_COMMON_BLOCKS = YES;
				GCC_OPTIMIZATION_LEVEL = 0;
				GCC_PREPROCESSOR_DEFINITIONS = (
					"DEBUG=1",
					"$(inherited)",
				);
				GCC_SYMBOLS_PRIVATE_EXTERN = NO;
				GCC_WARN_64_TO_32_BIT_CONVERSION = YES;
				GCC_WARN_ABOUT_RETURN_TYPE = YES_ERROR;
				GCC_WARN_UNDECLARED_SELECTOR = YES;
				GCC_WARN_UNINITIALIZED_AUTOS = YES_AGGRESSIVE;
				GCC_WARN_UNUSED_FUNCTION = YES;
				GCC_WARN_UNUSED_VARIABLE = YES;
				IPHONEOS_DEPLOYMENT_TARGET = 8.3;
				MTL_ENABLE_DEBUG_INFO = YES;
				ONLY_ACTIVE_ARCH = YES;
				SDKROOT = iphoneos;
				SWIFT_OPTIMIZATION_LEVEL = "-Onone";
				TARGETED_DEVICE_FAMILY = "1,2";
			};
			name = Debug;
		};
		253312E61AEE08FF00E29242 /* Release */ = {
			isa = XCBuildConfiguration;
			buildSettings = {
				ALWAYS_SEARCH_USER_PATHS = NO;
				CLANG_CXX_LANGUAGE_STANDARD = "gnu++0x";
				CLANG_CXX_LIBRARY = "libc++";
				CLANG_ENABLE_MODULES = YES;
				CLANG_ENABLE_OBJC_ARC = YES;
				CLANG_WARN_BOOL_CONVERSION = YES;
				CLANG_WARN_CONSTANT_CONVERSION = YES;
				CLANG_WARN_DIRECT_OBJC_ISA_USAGE = YES_ERROR;
				CLANG_WARN_EMPTY_BODY = YES;
				CLANG_WARN_ENUM_CONVERSION = YES;
				CLANG_WARN_INT_CONVERSION = YES;
				CLANG_WARN_OBJC_ROOT_CLASS = YES_ERROR;
				CLANG_WARN_UNREACHABLE_CODE = YES;
				CLANG_WARN__DUPLICATE_METHOD_MATCH = YES;
				"CODE_SIGN_IDENTITY[sdk=iphoneos*]" = "iPhone Developer";
				COPY_PHASE_STRIP = NO;
				DEBUG_INFORMATION_FORMAT = "dwarf-with-dsym";
				ENABLE_NS_ASSERTIONS = NO;
				ENABLE_STRICT_OBJC_MSGSEND = YES;
				GCC_C_LANGUAGE_STANDARD = gnu99;
				GCC_NO_COMMON_BLOCKS = YES;
				GCC_WARN_64_TO_32_BIT_CONVERSION = YES;
				GCC_WARN_ABOUT_RETURN_TYPE = YES_ERROR;
				GCC_WARN_UNDECLARED_SELECTOR = YES;
				GCC_WARN_UNINITIALIZED_AUTOS = YES_AGGRESSIVE;
				GCC_WARN_UNUSED_FUNCTION = YES;
				GCC_WARN_UNUSED_VARIABLE = YES;
				IPHONEOS_DEPLOYMENT_TARGET = 8.3;
				MTL_ENABLE_DEBUG_INFO = NO;
				SDKROOT = iphoneos;
				TARGETED_DEVICE_FAMILY = "1,2";
				VALIDATE_PRODUCT = YES;
			};
			name = Release;
		};
		253312E81AEE08FF00E29242 /* Debug */ = {
			isa = XCBuildConfiguration;
			buildSettings = {
				ASSETCATALOG_COMPILER_APPICON_NAME = AppIcon;
				INFOPLIST_FILE = AutoLayout/Info.plist;
				LD_RUNPATH_SEARCH_PATHS = "$(inherited) @executable_path/Frameworks";
				PRODUCT_NAME = "$(TARGET_NAME)";
			};
			name = Debug;
		};
		253312E91AEE08FF00E29242 /* Release */ = {
			isa = XCBuildConfiguration;
			buildSettings = {
				ASSETCATALOG_COMPILER_APPICON_NAME = AppIcon;
				INFOPLIST_FILE = AutoLayout/Info.plist;
				LD_RUNPATH_SEARCH_PATHS = "$(inherited) @executable_path/Frameworks";
				PRODUCT_NAME = "$(TARGET_NAME)";
			};
			name = Release;
		};
		253312EB1AEE08FF00E29242 /* Debug */ = {
			isa = XCBuildConfiguration;
			buildSettings = {
				BUNDLE_LOADER = "$(TEST_HOST)";
				FRAMEWORK_SEARCH_PATHS = (
					"$(SDKROOT)/Developer/Library/Frameworks",
					"$(inherited)",
				);
				GCC_PREPROCESSOR_DEFINITIONS = (
					"DEBUG=1",
					"$(inherited)",
				);
				INFOPLIST_FILE = AutoLayoutTests/Info.plist;
				LD_RUNPATH_SEARCH_PATHS = "$(inherited) @executable_path/Frameworks @loader_path/Frameworks";
				PRODUCT_NAME = "$(TARGET_NAME)";
				TEST_HOST = "$(BUILT_PRODUCTS_DIR)/AutoLayout.app/AutoLayout";
			};
			name = Debug;
		};
		253312EC1AEE08FF00E29242 /* Release */ = {
			isa = XCBuildConfiguration;
			buildSettings = {
				BUNDLE_LOADER = "$(TEST_HOST)";
				FRAMEWORK_SEARCH_PATHS = (
					"$(SDKROOT)/Developer/Library/Frameworks",
					"$(inherited)",
				);
				INFOPLIST_FILE = AutoLayoutTests/Info.plist;
				LD_RUNPATH_SEARCH_PATHS = "$(inherited) @executable_path/Frameworks @loader_path/Frameworks";
				PRODUCT_NAME = "$(TARGET_NAME)";
				TEST_HOST = "$(BUILT_PRODUCTS_DIR)/AutoLayout.app/AutoLayout";
			};
			name = Release;
		};
/* End XCBuildConfiguration section */

/* Begin XCConfigurationList section */
		253312C31AEE08FF00E29242 /* Build configuration list for PBXProject "AutoLayout" */ = {
			isa = XCConfigurationList;
			buildConfigurations = (
				253312E51AEE08FF00E29242 /* Debug */,
				253312E61AEE08FF00E29242 /* Release */,
			);
			defaultConfigurationIsVisible = 0;
			defaultConfigurationName = Release;
		};
		253312E71AEE08FF00E29242 /* Build configuration list for PBXNativeTarget "AutoLayout" */ = {
			isa = XCConfigurationList;
			buildConfigurations = (
				253312E81AEE08FF00E29242 /* Debug */,
				253312E91AEE08FF00E29242 /* Release */,
			);
			defaultConfigurationIsVisible = 0;
		};
		253312EA1AEE08FF00E29242 /* Build configuration list for PBXNativeTarget "AutoLayoutTests" */ = {
			isa = XCConfigurationList;
			buildConfigurations = (
				253312EB1AEE08FF00E29242 /* Debug */,
				253312EC1AEE08FF00E29242 /* Release */,
			);
			defaultConfigurationIsVisible = 0;
		};
/* End XCConfigurationList section */
	};
	rootObject = 253312C01AEE08FF00E29242 /* Project object */;
}
